
Microsoft Visual Studio Solution File, Format Version 12.00
# Visual Studio Version 17
VisualStudioVersion = 17.0.31912.275
MinimumVisualStudioVersion = 10.0.40219.1
Project("{2150E333-8FDC-42A3-9474-1A3956D46DE8}") = "Solution Items", "Solution Items", "{AD7359F4-66DD-425D-8757-7A6751B780EA}"
	ProjectSection(SolutionItems) = preProject
		.editorconfig = .editorconfig
	EndProjectSection
EndProject
Project("{9A19103F-16F7-4668-BE54-9A1E7A4F7556}") = "NTSWrapper", "NTSWrapper\NTSWrapper.csproj", "{919EF403-98F3-4840-A452-94C00FE697A8}"
EndProject
Project("{9A19103F-16F7-4668-BE54-9A1E7A4F7556}") = "GeometryLib", "GeometryLib\GeometryLib.csproj", "{8C39490B-2A77-40C8-9BF2-1A7D0C17A076}"
EndProject
Project("{B7DD6F7E-DEF8-4E67-B5B7-07EF123DB6F0}") = "Green3DScan_Installer_2024", "Installer\Green3DScan_Installer_2024.wixproj", "{E89CE16C-744F-4F78-AF03-6266F027F373}"
EndProject
Project("{FAE04EC0-301F-11D3-BF4B-00C04F79EFBC}") = "Revit", "FragmentationPointCloud\Revit.csproj", "{4C926EC8-67B0-461B-8C00-C09C59300552}"
EndProject
Project("{9A19103F-16F7-4668-BE54-9A1E7A4F7556}") = "ScantraIO", "ScantraIO\ScantraIO.csproj", "{BD6C50B5-3972-46BA-9207-9AE04AD194C5}"
EndProject
Global
	GlobalSection(SolutionConfigurationPlatforms) = preSolution
		Debug|Any CPU = Debug|Any CPU
		Debug|ARM64 = Debug|ARM64
		Debug|x64 = Debug|x64
		Debug|x86 = Debug|x86
		Release|Any CPU = Release|Any CPU
		Release|ARM64 = Release|ARM64
		Release|x64 = Release|x64
		Release|x86 = Release|x86
	EndGlobalSection
	GlobalSection(ProjectConfigurationPlatforms) = postSolution
		{919EF403-98F3-4840-A452-94C00FE697A8}.Debug|Any CPU.ActiveCfg = Debug|x64
		{919EF403-98F3-4840-A452-94C00FE697A8}.Debug|Any CPU.Build.0 = Debug|x64
		{919EF403-98F3-4840-A452-94C00FE697A8}.Debug|ARM64.ActiveCfg = Debug|x64
		{919EF403-98F3-4840-A452-94C00FE697A8}.Debug|ARM64.Build.0 = Debug|x64
		{919EF403-98F3-4840-A452-94C00FE697A8}.Debug|x64.ActiveCfg = Debug|x64
		{919EF403-98F3-4840-A452-94C00FE697A8}.Debug|x64.Build.0 = Debug|x64
		{919EF403-98F3-4840-A452-94C00FE697A8}.Debug|x86.ActiveCfg = Debug|x64
		{919EF403-98F3-4840-A452-94C00FE697A8}.Debug|x86.Build.0 = Debug|x64
		{919EF403-98F3-4840-A452-94C00FE697A8}.Release|Any CPU.ActiveCfg = Release|x64
		{919EF403-98F3-4840-A452-94C00FE697A8}.Release|Any CPU.Build.0 = Release|x64
		{919EF403-98F3-4840-A452-94C00FE697A8}.Release|ARM64.ActiveCfg = Release|x64
		{919EF403-98F3-4840-A452-94C00FE697A8}.Release|ARM64.Build.0 = Release|x64
		{919EF403-98F3-4840-A452-94C00FE697A8}.Release|x64.ActiveCfg = Release|x64
		{919EF403-98F3-4840-A452-94C00FE697A8}.Release|x64.Build.0 = Release|x64
		{919EF403-98F3-4840-A452-94C00FE697A8}.Release|x86.ActiveCfg = Release|x64
		{919EF403-98F3-4840-A452-94C00FE697A8}.Release|x86.Build.0 = Release|x64
		{8C39490B-2A77-40C8-9BF2-1A7D0C17A076}.Debug|Any CPU.ActiveCfg = Debug|Any CPU
		{8C39490B-2A77-40C8-9BF2-1A7D0C17A076}.Debug|Any CPU.Build.0 = Debug|Any CPU
		{8C39490B-2A77-40C8-9BF2-1A7D0C17A076}.Debug|ARM64.ActiveCfg = Debug|Any CPU
		{8C39490B-2A77-40C8-9BF2-1A7D0C17A076}.Debug|ARM64.Build.0 = Debug|Any CPU
		{8C39490B-2A77-40C8-9BF2-1A7D0C17A076}.Debug|x64.ActiveCfg = Debug|x64
		{8C39490B-2A77-40C8-9BF2-1A7D0C17A076}.Debug|x64.Build.0 = Debug|x64
		{8C39490B-2A77-40C8-9BF2-1A7D0C17A076}.Debug|x86.ActiveCfg = Debug|Any CPU
		{8C39490B-2A77-40C8-9BF2-1A7D0C17A076}.Debug|x86.Build.0 = Debug|Any CPU
		{8C39490B-2A77-40C8-9BF2-1A7D0C17A076}.Release|Any CPU.ActiveCfg = Release|Any CPU
		{8C39490B-2A77-40C8-9BF2-1A7D0C17A076}.Release|Any CPU.Build.0 = Release|Any CPU
		{8C39490B-2A77-40C8-9BF2-1A7D0C17A076}.Release|ARM64.ActiveCfg = Release|Any CPU
		{8C39490B-2A77-40C8-9BF2-1A7D0C17A076}.Release|ARM64.Build.0 = Release|Any CPU
		{8C39490B-2A77-40C8-9BF2-1A7D0C17A076}.Release|x64.ActiveCfg = Release|x64
		{8C39490B-2A77-40C8-9BF2-1A7D0C17A076}.Release|x64.Build.0 = Release|x64
		{8C39490B-2A77-40C8-9BF2-1A7D0C17A076}.Release|x86.ActiveCfg = Release|Any CPU
		{8C39490B-2A77-40C8-9BF2-1A7D0C17A076}.Release|x86.Build.0 = Release|Any CPU
		{E89CE16C-744F-4F78-AF03-6266F027F373}.Debug|Any CPU.ActiveCfg = Debug|x64
		{E89CE16C-744F-4F78-AF03-6266F027F373}.Debug|Any CPU.Build.0 = Debug|x64
		{E89CE16C-744F-4F78-AF03-6266F027F373}.Debug|ARM64.ActiveCfg = Debug|ARM64
		{E89CE16C-744F-4F78-AF03-6266F027F373}.Debug|ARM64.Build.0 = Debug|ARM64
		{E89CE16C-744F-4F78-AF03-6266F027F373}.Debug|x64.ActiveCfg = Debug|x64
		{E89CE16C-744F-4F78-AF03-6266F027F373}.Debug|x64.Build.0 = Debug|x64
		{E89CE16C-744F-4F78-AF03-6266F027F373}.Debug|x86.ActiveCfg = Debug|x86
		{E89CE16C-744F-4F78-AF03-6266F027F373}.Debug|x86.Build.0 = Debug|x86
		{E89CE16C-744F-4F78-AF03-6266F027F373}.Release|Any CPU.ActiveCfg = Release|x64
		{E89CE16C-744F-4F78-AF03-6266F027F373}.Release|Any CPU.Build.0 = Release|x64
		{E89CE16C-744F-4F78-AF03-6266F027F373}.Release|ARM64.ActiveCfg = Release|ARM64
		{E89CE16C-744F-4F78-AF03-6266F027F373}.Release|ARM64.Build.0 = Release|ARM64
		{E89CE16C-744F-4F78-AF03-6266F027F373}.Release|x64.ActiveCfg = Release|x64
		{E89CE16C-744F-4F78-AF03-6266F027F373}.Release|x64.Build.0 = Release|x64
		{E89CE16C-744F-4F78-AF03-6266F027F373}.Release|x86.ActiveCfg = Release|x86
		{E89CE16C-744F-4F78-AF03-6266F027F373}.Release|x86.Build.0 = Release|x86
		{4C926EC8-67B0-461B-8C00-C09C59300552}.Debug|Any CPU.ActiveCfg = Debug|Any CPU
		{4C926EC8-67B0-461B-8C00-C09C59300552}.Debug|Any CPU.Build.0 = Debug|Any CPU
		{4C926EC8-67B0-461B-8C00-C09C59300552}.Debug|ARM64.ActiveCfg = Debug|Any CPU
		{4C926EC8-67B0-461B-8C00-C09C59300552}.Debug|ARM64.Build.0 = Debug|Any CPU
		{4C926EC8-67B0-461B-8C00-C09C59300552}.Debug|x64.ActiveCfg = Debug|x64
		{4C926EC8-67B0-461B-8C00-C09C59300552}.Debug|x64.Build.0 = Debug|x64
		{4C926EC8-67B0-461B-8C00-C09C59300552}.Debug|x86.ActiveCfg = Debug|Any CPU
		{4C926EC8-67B0-461B-8C00-C09C59300552}.Debug|x86.Build.0 = Debug|Any CPU
		{4C926EC8-67B0-461B-8C00-C09C59300552}.Release|Any CPU.ActiveCfg = Release|Any CPU
		{4C926EC8-67B0-461B-8C00-C09C59300552}.Release|Any CPU.Build.0 = Release|Any CPU
		{4C926EC8-67B0-461B-8C00-C09C59300552}.Release|ARM64.ActiveCfg = Release|Any CPU
		{4C926EC8-67B0-461B-8C00-C09C59300552}.Release|ARM64.Build.0 = Release|Any CPU
		{4C926EC8-67B0-461B-8C00-C09C59300552}.Release|x64.ActiveCfg = Release|x64
		{4C926EC8-67B0-461B-8C00-C09C59300552}.Release|x64.Build.0 = Release|x64
		{4C926EC8-67B0-461B-8C00-C09C59300552}.Release|x86.ActiveCfg = Release|Any CPU
		{4C926EC8-67B0-461B-8C00-C09C59300552}.Release|x86.Build.0 = Release|Any CPU
		{BD6C50B5-3972-46BA-9207-9AE04AD194C5}.Debug|Any CPU.ActiveCfg = Debug|x64
		{BD6C50B5-3972-46BA-9207-9AE04AD194C5}.Debug|Any CPU.Build.0 = Debug|x64
		{BD6C50B5-3972-46BA-9207-9AE04AD194C5}.Debug|ARM64.ActiveCfg = Debug|x64
		{BD6C50B5-3972-46BA-9207-9AE04AD194C5}.Debug|ARM64.Build.0 = Debug|x64
		{BD6C50B5-3972-46BA-9207-9AE04AD194C5}.Debug|x64.ActiveCfg = Debug|x64
		{BD6C50B5-3972-46BA-9207-9AE04AD194C5}.Debug|x64.Build.0 = Debug|x64
		{BD6C50B5-3972-46BA-9207-9AE04AD194C5}.Debug|x86.ActiveCfg = Debug|x64
		{BD6C50B5-3972-46BA-9207-9AE04AD194C5}.Debug|x86.Build.0 = Debug|x64
		{BD6C50B5-3972-46BA-9207-9AE04AD194C5}.Release|Any CPU.ActiveCfg = Release|x64
		{BD6C50B5-3972-46BA-9207-9AE04AD194C5}.Release|Any CPU.Build.0 = Release|x64
		{BD6C50B5-3972-46BA-9207-9AE04AD194C5}.Release|ARM64.ActiveCfg = Release|x64
		{BD6C50B5-3972-46BA-9207-9AE04AD194C5}.Release|ARM64.Build.0 = Release|x64
		{BD6C50B5-3972-46BA-9207-9AE04AD194C5}.Release|x64.ActiveCfg = Release|x64
		{BD6C50B5-3972-46BA-9207-9AE04AD194C5}.Release|x64.Build.0 = Release|x64
		{BD6C50B5-3972-46BA-9207-9AE04AD194C5}.Release|x86.ActiveCfg = Release|x64
		{BD6C50B5-3972-46BA-9207-9AE04AD194C5}.Release|x86.Build.0 = Release|x64
	EndGlobalSection
	GlobalSection(SolutionProperties) = preSolution
		HideSolutionNode = FALSE
	EndGlobalSection
	GlobalSection(ExtensibilityGlobals) = postSolution
		SolutionGuid = {4762520E-0594-4139-B7A9-1FA9F96D82DC}
	EndGlobalSection
EndGlobal
